Microsoft Visual Studio Solution File, Format Version 12.00
# Visual Studio Version 17
VisualStudioVersion = 17.0.31903.59
MinimumVisualStudioVersion = 10.0.40219.1
Project("{9A19103F-16F7-32BF-9C79-9CE0FDA1F17C}") = "Epimeteo.Shared", "shared\Epimeteo.Shared\Epimeteo.Shared.csproj", "{68A435F4-C970-4743-8950-C366F2695AD2}"
EndProject
Project("{9A19103F-16F7-32BF-9C79-9CE0FDA1F17C}") = "Epimeteo.Server", "server\Epimeteo.Server\Epimeteo.Server.csproj", "{0C9D39A5-CB79-4DC6-857D-43F0B5E387F9}"
EndProject
Project("{9A19103F-16F7-32BF-9C79-9CE0FDA1F17C}") = "Epimeteo.Shared.Tests", "tests\Epimeteo.Shared.Tests\Epimeteo.Shared.Tests.csproj", "{14272F25-4BE0-4F60-8FA2-4F33CE787695}"
EndProject
Project("{2150E333-8FDC-42A3-9474-1A3956D46DE8}") = "tools", "tools", "{40B2445E-2098-4612-9B47-181C44498975}"
EndProject
Project("{FAE04EC0-301F-11D3-BF4B-00C04F79EFBC}") = "Epimeteo.SmokeClient", "tools\Epimeteo.SmokeClient\Epimeteo.SmokeClient.csproj", "{20A2966E-3E74-49FB-AEE9-D1B7A350EE0B}"
EndProject
Project("{2150E333-8FDC-42A3-9474-1A3956D46DE8}") = "tests", "tests", "{542CD6ED-D7A4-477E-BA29-B9F44BAF65CF}"
EndProject
Project("{FAE04EC0-301F-11D3-BF4B-00C04F79EFBC}") = "Epimeteo.Server.Tests", "tests\Epimeteo.Server.Tests\Epimeteo.Server.Tests.csproj", "{5AA1AE0C-1442-4BDB-825C-7B5BB59591A4}"
EndProject
Project("{FAE04EC0-301F-11D3-BF4B-00C04F79EFBC}") = "Epimeteo.WorldBot", "tools\Epimeteo.WorldBot\Epimeteo.WorldBot.csproj", "{17BFE925-ABB4-4FF2-9B2F-DF1E0F74D1AD}"
EndProject
Global
	GlobalSection(SolutionConfigurationPlatforms) = preSolution
		Debug|Any CPU = Debug|Any CPU
		Release|Any CPU = Release|Any CPU
	EndGlobalSection
	GlobalSection(ProjectConfigurationPlatforms) = postSolution
		{68A435F4-C970-4743-8950-C366F2695AD2}.Debug|Any CPU.ActiveCfg = Debug|Any CPU
		{68A435F4-C970-4743-8950-C366F2695AD2}.Debug|Any CPU.Build.0 = Debug|Any CPU
		{68A435F4-C970-4743-8950-C366F2695AD2}.Release|Any CPU.ActiveCfg = Release|Any CPU
		{68A435F4-C970-4743-8950-C366F2695AD2}.Release|Any CPU.Build.0 = Release|Any CPU
		{0C9D39A5-CB79-4DC6-857D-43F0B5E387F9}.Debug|Any CPU.ActiveCfg = Debug|Any CPU
		{0C9D39A5-CB79-4DC6-857D-43F0B5E387F9}.Debug|Any CPU.Build.0 = Debug|Any CPU
		{0C9D39A5-CB79-4DC6-857D-43F0B5E387F9}.Release|Any CPU.ActiveCfg = Release|Any CPU
		{0C9D39A5-CB79-4DC6-857D-43F0B5E387F9}.Release|Any CPU.Build.0 = Release|Any CPU
		{14272F25-4BE0-4F60-8FA2-4F33CE787695}.Debug|Any CPU.ActiveCfg = Debug|Any CPU
		{14272F25-4BE0-4F60-8FA2-4F33CE787695}.Debug|Any CPU.Build.0 = Debug|Any CPU
		{14272F25-4BE0-4F60-8FA2-4F33CE787695}.Release|Any CPU.ActiveCfg = Release|Any CPU
		{14272F25-4BE0-4F60-8FA2-4F33CE787695}.Release|Any CPU.Build.0 = Release|Any CPU
		{20A2966E-3E74-49FB-AEE9-D1B7A350EE0B}.Debug|Any CPU.ActiveCfg = Debug|Any CPU
		{20A2966E-3E74-49FB-AEE9-D1B7A350EE0B}.Debug|Any CPU.Build.0 = Debug|Any CPU
		{20A2966E-3E74-49FB-AEE9-D1B7A350EE0B}.Release|Any CPU.ActiveCfg = Release|Any CPU
		{20A2966E-3E74-49FB-AEE9-D1B7A350EE0B}.Release|Any CPU.Build.0 = Release|Any CPU
		{5AA1AE0C-1442-4BDB-825C-7B5BB59591A4}.Debug|Any CPU.ActiveCfg = Debug|Any CPU
		{5AA1AE0C-1442-4BDB-825C-7B5BB59591A4}.Debug|Any CPU.Build.0 = Debug|Any CPU
		{5AA1AE0C-1442-4BDB-825C-7B5BB59591A4}.Release|Any CPU.ActiveCfg = Release|Any CPU
		{5AA1AE0C-1442-4BDB-825C-7B5BB59591A4}.Release|Any CPU.Build.0 = Release|Any CPU
		{17BFE925-ABB4-4FF2-9B2F-DF1E0F74D1AD}.Debug|Any CPU.ActiveCfg = Debug|Any CPU
		{17BFE925-ABB4-4FF2-9B2F-DF1E0F74D1AD}.Debug|Any CPU.Build.0 = Debug|Any CPU
		{17BFE925-ABB4-4FF2-9B2F-DF1E0F74D1AD}.Release|Any CPU.ActiveCfg = Release|Any CPU
		{17BFE925-ABB4-4FF2-9B2F-DF1E0F74D1AD}.Release|Any CPU.Build.0 = Release|Any CPU
	EndGlobalSection
	GlobalSection(SolutionProperties) = preSolution
		HideSolutionNode = FALSE
	EndGlobalSection
	GlobalSection(NestedProjects) = preSolution
		{20A2966E-3E74-49FB-AEE9-D1B7A350EE0B} = {40B2445E-2098-4612-9B47-181C44498975}
		{5AA1AE0C-1442-4BDB-825C-7B5BB59591A4} = {542CD6ED-D7A4-477E-BA29-B9F44BAF65CF}
		{17BFE925-ABB4-4FF2-9B2F-DF1E0F74D1AD} = {40B2445E-2098-4612-9B47-181C44498975}
	EndGlobalSection
EndGlobal
